// !$*UTF8*$!
{
	archiveVersion = 1;
	classes = {
	};
	objectVersion = 46;
	objects = {

/* Begin PBXBuildFile section */
		4FAB29AE1F5E9DF9009DAEDB /* main.m in Sources */ = {isa = PBXBuildFile; fileRef = 4FAB29AD1F5E9DF9009DAEDB /* main.m */; };
		4FAB29B11F5E9DF9009DAEDB /* AppDelegate.m in Sources */ = {isa = PBXBuildFile; fileRef = 4FAB29B01F5E9DF9009DAEDB /* AppDelegate.m */; };
		4FAB29B71F5E9DF9009DAEDB /* Main.storyboard in Resources */ = {isa = PBXBuildFile; fileRef = 4FAB29B51F5E9DF9009DAEDB /* Main.storyboard */; };
		4FAB29B91F5E9DF9009DAEDB /* Assets.xcassets in Resources */ = {isa = PBXBuildFile; fileRef = 4FAB29B81F5E9DF9009DAEDB /* Assets.xcassets */; };
		4FAB29BC1F5E9DF9009DAEDB /* LaunchScreen.storyboard in Resources */ = {isa = PBXBuildFile; fileRef = 4FAB29BA1F5E9DF9009DAEDB /* LaunchScreen.storyboard */; };
		4FAB29C71F5E9DF9009DAEDB /* OCRSearchDemoTests.m in Sources */ = {isa = PBXBuildFile; fileRef = 4FAB29C61F5E9DF9009DAEDB /* OCRSearchDemoTests.m */; };
		4FAB29D21F5E9DF9009DAEDB /* OCRSearchDemoUITests.m in Sources */ = {isa = PBXBuildFile; fileRef = 4FAB29D11F5E9DF9009DAEDB /* OCRSearchDemoUITests.m */; };
		4FAB29FE1F5E9EA5009DAEDB /* UIAlertController+Extend.m in Sources */ = {isa = PBXBuildFile; fileRef = 4FAB29E31F5E9EA5009DAEDB /* UIAlertController+Extend.m */; };
		4FAB29FF1F5E9EA5009DAEDB /* UIImage+Extend.m in Sources */ = {isa = PBXBuildFile; fileRef = 4FAB29E51F5E9EA5009DAEDB /* UIImage+Extend.m */; };
		4FAB2A001F5E9EA5009DAEDB /* AVCaptureViewController.m in Sources */ = {isa = PBXBuildFile; fileRef = 4FAB29E81F5E9EA5009DAEDB /* AVCaptureViewController.m */; };
		4FAB2A011F5E9EA5009DAEDB /* IDAuthViewController.m in Sources */ = {isa = PBXBuildFile; fileRef = 4FAB29EA1F5E9EA5009DAEDB /* IDAuthViewController.m */; };
		4FAB2A021F5E9EA5009DAEDB /* IDAuthViewController.xib in Resources */ = {isa = PBXBuildFile; fileRef = 4FAB29EB1F5E9EA5009DAEDB /* IDAuthViewController.xib */; };
		4FAB2A031F5E9EA5009DAEDB /* IDInfoViewController.m in Sources */ = {isa = PBXBuildFile; fileRef = 4FAB29ED1F5E9EA5009DAEDB /* IDInfoViewController.m */; };
		4FAB2A041F5E9EA5009DAEDB /* IDInfoViewController.xib in Resources */ = {isa = PBXBuildFile; fileRef = 4FAB29EE1F5E9EA5009DAEDB /* IDInfoViewController.xib */; };
		4FAB2A051F5E9EA5009DAEDB /* zocr0.lib in Resources */ = {isa = PBXBuildFile; fileRef = 4FAB29F21F5E9EA5009DAEDB /* zocr0.lib */; };
		4FAB2A061F5E9EA5009DAEDB /* libexidcardios.a in Frameworks */ = {isa = PBXBuildFile; fileRef = 4FAB29F41F5E9EA5009DAEDB /* libexidcardios.a */; };
		4FAB2A071F5E9EA5009DAEDB /* IDInfo.m in Sources */ = {isa = PBXBuildFile; fileRef = 4FAB29F71F5E9EA5009DAEDB /* IDInfo.m */; };
		4FAB2A081F5E9EA5009DAEDB /* RectManager.m in Sources */ = {isa = PBXBuildFile; fileRef = 4FAB29FA1F5E9EA5009DAEDB /* RectManager.m */; };
		4FAB2A091F5E9EA5009DAEDB /* LHSIDCardScaningView.m in Sources */ = {isa = PBXBuildFile; fileRef = 4FAB29FD1F5E9EA5009DAEDB /* LHSIDCardScaningView.m */; };
		4FAB2A0F1F5EA00B009DAEDB /* classicNavigationController.m in Sources */ = {isa = PBXBuildFile; fileRef = 4FAB2A0C1F5EA00B009DAEDB /* classicNavigationController.m */; };
		4FAB2A101F5EA00B009DAEDB /* MainTabViewController.m in Sources */ = {isa = PBXBuildFile; fileRef = 4FAB2A0E1F5EA00B009DAEDB /* MainTabViewController.m */; };
		4FAB2A141F5EA0DC009DAEDB /* matchViewController.m in Sources */ = {isa = PBXBuildFile; fileRef = 4FAB2A131F5EA0DC009DAEDB /* matchViewController.m */; };
		4FAB2A201F6246AC009DAEDB /* TableViewAnimationKit.m in Sources */ = {isa = PBXBuildFile; fileRef = 4FAB2A1F1F6246AC009DAEDB /* TableViewAnimationKit.m */; };
		4FF1B8571F6A2B7700FBD0A3 /* AFHTTPSessionManager.m in Sources */ = {isa = PBXBuildFile; fileRef = 4FF1B84B1F6A2B7700FBD0A3 /* AFHTTPSessionManager.m */; };
		4FF1B8581F6A2B7700FBD0A3 /* AFNetworkReachabilityManager.m in Sources */ = {isa = PBXBuildFile; fileRef = 4FF1B84E1F6A2B7700FBD0A3 /* AFNetworkReachabilityManager.m */; };
		4FF1B8591F6A2B7700FBD0A3 /* AFSecurityPolicy.m in Sources */ = {isa = PBXBuildFile; fileRef = 4FF1B8501F6A2B7700FBD0A3 /* AFSecurityPolicy.m */; };
		4FF1B85A1F6A2B7700FBD0A3 /* AFURLRequestSerialization.m in Sources */ = {isa = PBXBuildFile; fileRef = 4FF1B8521F6A2B7700FBD0A3 /* AFURLRequestSerialization.m */; };
		4FF1B85B1F6A2B7700FBD0A3 /* AFURLResponseSerialization.m in Sources */ = {isa = PBXBuildFile; fileRef = 4FF1B8541F6A2B7700FBD0A3 /* AFURLResponseSerialization.m */; };
		4FF1B85C1F6A2B7700FBD0A3 /* AFURLSessionManager.m in Sources */ = {isa = PBXBuildFile; fileRef = 4FF1B8561F6A2B7700FBD0A3 /* AFURLSessionManager.m */; };
		4FF1B8601F6A2E5400FBD0A3 /* NetWorkTool.m in Sources */ = {isa = PBXBuildFile; fileRef = 4FF1B85F1F6A2E5400FBD0A3 /* NetWorkTool.m */; };
		4FF1B8641F6A51DB00FBD0A3 /* personInfoModel.m in Sources */ = {isa = PBXBuildFile; fileRef = 4FF1B8631F6A51DB00FBD0A3 /* personInfoModel.m */; };
		8B4754E79CAA797FCE625930 /* libPods-OCRSearchDemo.a in Frameworks */ = {isa = PBXBuildFile; fileRef = 8CD689EC4F29DAC245BEBAA2 /* libPods-OCRSearchDemo.a */; };
/* End PBXBuildFile section */

/* Begin PBXContainerItemProxy section */
		4FAB29C31F5E9DF9009DAEDB /* PBXContainerItemProxy */ = {
			isa = PBXContainerItemProxy;
			containerPortal = 4FAB29A11F5E9DF9009DAEDB /* Project object */;
			proxyType = 1;
			remoteGlobalIDString = 4FAB29A81F5E9DF9009DAEDB;
			remoteInfo = OCRSearchDemo;
		};
		4FAB29CE1F5E9DF9009DAEDB /* PBXContainerItemProxy */ = {
			isa = PBXContainerItemProxy;
			containerPortal = 4FAB29A11F5E9DF9009DAEDB /* Project object */;
			proxyType = 1;
			remoteGlobalIDString = 4FAB29A81F5E9DF9009DAEDB;
			remoteInfo = OCRSearchDemo;
		};
/* End PBXContainerItemProxy section */

/* Begin PBXFileReference section */
		4FAB29A91F5E9DF9009DAEDB /* OCRSearchDemo.app */ = {isa = PBXFileReference; explicitFileType = wrapper.application; includeInIndex = 0; path = OCRSearchDemo.app; sourceTree = BUILT_PRODUCTS_DIR; };
		4FAB29AD1F5E9DF9009DAEDB /* main.m */ = {isa = PBXFileReference; lastKnownFileType = sourcecode.c.objc; path = main.m; sourceTree = "<group>"; };
		4FAB29AF1F5E9DF9009DAEDB /* AppDelegate.h */ = {isa = PBXFileReference; lastKnownFileType = sourcecode.c.h; path = AppDelegate.h; sourceTree = "<group>"; };
		4FAB29B01F5E9DF9009DAEDB /* AppDelegate.m */ = {isa = PBXFileReference; lastKnownFileType = sourcecode.c.objc; path = AppDelegate.m; sourceTree = "<group>"; };
		4FAB29B61F5E9DF9009DAEDB /* Base */ = {isa = PBXFileReference; lastKnownFileType = file.storyboard; name = Base; path = Base.lproj/Main.storyboard; sourceTree = "<group>"; };
		4FAB29B81F5E9DF9009DAEDB /* Assets.xcassets */ = {isa = PBXFileReference; lastKnownFileType = folder.assetcatalog; path = Assets.xcassets; sourceTree = "<group>"; };
		4FAB29BB1F5E9DF9009DAEDB /* Base */ = {isa = PBXFileReference; lastKnownFileType = file.storyboard; name = Base; path = Base.lproj/LaunchScreen.storyboard; sourceTree = "<group>"; };
		4FAB29BD1F5E9DF9009DAEDB /* Info.plist */ = {isa = PBXFileReference; lastKnownFileType = text.plist.xml; path = Info.plist; sourceTree = "<group>"; };
		4FAB29C21F5E9DF9009DAEDB /* OCRSearchDemoTests.xctest */ = {isa = PBXFileReference; explicitFileType = wrapper.cfbundle; includeInIndex = 0; path = OCRSearchDemoTests.xctest; sourceTree = BUILT_PRODUCTS_DIR; };
		4FAB29C61F5E9DF9009DAEDB /* OCRSearchDemoTests.m */ = {isa = PBXFileReference; lastKnownFileType = sourcecode.c.objc; path = OCRSearchDemoTests.m; sourceTree = "<group>"; };
		4FAB29C81F5E9DF9009DAEDB /* Info.plist */ = {isa = PBXFileReference; lastKnownFileType = text.plist.xml; path = Info.plist; sourceTree = "<group>"; };
		4FAB29CD1F5E9DF9009DAEDB /* OCRSearchDemoUITests.xctest */ = {isa = PBXFileReference; explicitFileType = wrapper.cfbundle; includeInIndex = 0; path = OCRSearchDemoUITests.xctest; sourceTree = BUILT_PRODUCTS_DIR; };
		4FAB29D11F5E9DF9009DAEDB /* OCRSearchDemoUITests.m */ = {isa = PBXFileReference; lastKnownFileType = sourcecode.c.objc; path = OCRSearchDemoUITests.m; sourceTree = "<group>"; };
		4FAB29D31F5E9DF9009DAEDB /* Info.plist */ = {isa = PBXFileReference; lastKnownFileType = text.plist.xml; path = Info.plist; sourceTree = "<group>"; };
		4FAB29E21F5E9EA5009DAEDB /* UIAlertController+Extend.h */ = {isa = PBXFileReference; fileEncoding = 4; lastKnownFileType = sourcecode.c.h; path = "UIAlertController+Extend.h"; sourceTree = "<group>"; };
		4FAB29E31F5E9EA5009DAEDB /* UIAlertController+Extend.m */ = {isa = PBXFileReference; fileEncoding = 4; lastKnownFileType = sourcecode.c.objc; path = "UIAlertController+Extend.m"; sourceTree = "<group>"; };
		4FAB29E41F5E9EA5009DAEDB /* UIImage+Extend.h */ = {isa = PBXFileReference; fileEncoding = 4; lastKnownFileType = sourcecode.c.h; path = "UIImage+Extend.h"; sourceTree = "<group>"; };
		4FAB29E51F5E9EA5009DAEDB /* UIImage+Extend.m */ = {isa = PBXFileReference; fileEncoding = 4; lastKnownFileType = sourcecode.c.objc; path = "UIImage+Extend.m"; sourceTree = "<group>"; };
		4FAB29E71F5E9EA5009DAEDB /* AVCaptureViewController.h */ = {isa = PBXFileReference; fileEncoding = 4; lastKnownFileType = sourcecode.c.h; path = AVCaptureViewController.h; sourceTree = "<group>"; };
		4FAB29E81F5E9EA5009DAEDB /* AVCaptureViewController.m */ = {isa = PBXFileReference; fileEncoding = 4; lastKnownFileType = sourcecode.c.objc; path = AVCaptureViewController.m; sourceTree = "<group>"; };
		4FAB29E91F5E9EA5009DAEDB /* IDAuthViewController.h */ = {isa = PBXFileReference; fileEncoding = 4; lastKnownFileType = sourcecode.c.h; path = IDAuthViewController.h; sourceTree = "<group>"; };
		4FAB29EA1F5E9EA5009DAEDB /* IDAuthViewController.m */ = {isa = PBXFileReference; fileEncoding = 4; lastKnownFileType = sourcecode.c.objc; path = IDAuthViewController.m; sourceTree = "<group>"; };
		4FAB29EB1F5E9EA5009DAEDB /* IDAuthViewController.xib */ = {isa = PBXFileReference; fileEncoding = 4; lastKnownFileType = file.xib; path = IDAuthViewController.xib; sourceTree = "<group>"; };
		4FAB29EC1F5E9EA5009DAEDB /* IDInfoViewController.h */ = {isa = PBXFileReference; fileEncoding = 4; lastKnownFileType = sourcecode.c.h; path = IDInfoViewController.h; sourceTree = "<group>"; };
		4FAB29ED1F5E9EA5009DAEDB /* IDInfoViewController.m */ = {isa = PBXFileReference; fileEncoding = 4; lastKnownFileType = sourcecode.c.objc; path = IDInfoViewController.m; sourceTree = "<group>"; };
		4FAB29EE1F5E9EA5009DAEDB /* IDInfoViewController.xib */ = {isa = PBXFileReference; fileEncoding = 4; lastKnownFileType = file.xib; path = IDInfoViewController.xib; sourceTree = "<group>"; };
		4FAB29F01F5E9EA5009DAEDB /* commondef.h */ = {isa = PBXFileReference; fileEncoding = 4; lastKnownFileType = sourcecode.c.h; path = commondef.h; sourceTree = "<group>"; };
		4FAB29F21F5E9EA5009DAEDB /* zocr0.lib */ = {isa = PBXFileReference; lastKnownFileType = file; path = zocr0.lib; sourceTree = "<group>"; };
		4FAB29F31F5E9EA5009DAEDB /* excards.h */ = {isa = PBXFileReference; fileEncoding = 4; lastKnownFileType = sourcecode.c.h; path = excards.h; sourceTree = "<group>"; };
		4FAB29F41F5E9EA5009DAEDB /* libexidcardios.a */ = {isa = PBXFileReference; lastKnownFileType = archive.ar; path = libexidcardios.a; sourceTree = "<group>"; };
		4FAB29F61F5E9EA5009DAEDB /* IDInfo.h */ = {isa = PBXFileReference; fileEncoding = 4; lastKnownFileType = sourcecode.c.h; path = IDInfo.h; sourceTree = "<group>"; };
		4FAB29F71F5E9EA5009DAEDB /* IDInfo.m */ = {isa = PBXFileReference; fileEncoding = 4; lastKnownFileType = sourcecode.c.objc; path = IDInfo.m; sourceTree = "<group>"; };
		4FAB29F91F5E9EA5009DAEDB /* RectManager.h */ = {isa = PBXFileReference; fileEncoding = 4; lastKnownFileType = sourcecode.c.h; path = RectManager.h; sourceTree = "<group>"; };
		4FAB29FA1F5E9EA5009DAEDB /* RectManager.m */ = {isa = PBXFileReference; fileEncoding = 4; lastKnownFileType = sourcecode.c.objc; path = RectManager.m; sourceTree = "<group>"; };
		4FAB29FC1F5E9EA5009DAEDB /* LHSIDCardScaningView.h */ = {isa = PBXFileReference; fileEncoding = 4; lastKnownFileType = sourcecode.c.h; path = LHSIDCardScaningView.h; sourceTree = "<group>"; };
		4FAB29FD1F5E9EA5009DAEDB /* LHSIDCardScaningView.m */ = {isa = PBXFileReference; fileEncoding = 4; lastKnownFileType = sourcecode.c.objc; path = LHSIDCardScaningView.m; sourceTree = "<group>"; };
		4FAB2A0B1F5EA00B009DAEDB /* classicNavigationController.h */ = {isa = PBXFileReference; fileEncoding = 4; lastKnownFileType = sourcecode.c.h; path = classicNavigationController.h; sourceTree = "<group>"; };
		4FAB2A0C1F5EA00B009DAEDB /* classicNavigationController.m */ = {isa = PBXFileReference; fileEncoding = 4; lastKnownFileType = sourcecode.c.objc; path = classicNavigationController.m; sourceTree = "<group>"; };
		4FAB2A0D1F5EA00B009DAEDB /* MainTabViewController.h */ = {isa = PBXFileReference; fileEncoding = 4; lastKnownFileType = sourcecode.c.h; path = MainTabViewController.h; sourceTree = "<group>"; };
		4FAB2A0E1F5EA00B009DAEDB /* MainTabViewController.m */ = {isa = PBXFileReference; fileEncoding = 4; lastKnownFileType = sourcecode.c.objc; path = MainTabViewController.m; sourceTree = "<group>"; };
		4FAB2A121F5EA0DC009DAEDB /* matchViewController.h */ = {isa = PBXFileReference; fileEncoding = 4; lastKnownFileType = sourcecode.c.h; path = matchViewController.h; sourceTree = "<group>"; };
		4FAB2A131F5EA0DC009DAEDB /* matchViewController.m */ = {isa = PBXFileReference; fileEncoding = 4; lastKnownFileType = sourcecode.c.objc; path = matchViewController.m; sourceTree = "<group>"; };
		4FAB2A1E1F6246AC009DAEDB /* TableViewAnimationKit.h */ = {isa = PBXFileReference; fileEncoding = 4; lastKnownFileType = sourcecode.c.h; path = TableViewAnimationKit.h; sourceTree = "<group>"; };
		4FAB2A1F1F6246AC009DAEDB /* TableViewAnimationKit.m */ = {isa = PBXFileReference; fileEncoding = 4; lastKnownFileType = sourcecode.c.objc; path = TableViewAnimationKit.m; sourceTree = "<group>"; };
		4FF1B84A1F6A2B7700FBD0A3 /* AFHTTPSessionManager.h */ = {isa = PBXFileReference; fileEncoding = 4; lastKnownFileType = sourcecode.c.h; path = AFHTTPSessionManager.h; sourceTree = "<group>"; };
		4FF1B84B1F6A2B7700FBD0A3 /* AFHTTPSessionManager.m */ = {isa = PBXFileReference; fileEncoding = 4; lastKnownFileType = sourcecode.c.objc; path = AFHTTPSessionManager.m; sourceTree = "<group>"; };
		4FF1B84C1F6A2B7700FBD0A3 /* AFNetworking.h */ = {isa = PBXFileReference; fileEncoding = 4; lastKnownFileType = sourcecode.c.h; path = AFNetworking.h; sourceTree = "<group>"; };
		4FF1B84D1F6A2B7700FBD0A3 /* AFNetworkReachabilityManager.h */ = {isa = PBXFileReference; fileEncoding = 4; lastKnownFileType = sourcecode.c.h; path = AFNetworkReachabilityManager.h; sourceTree = "<group>"; };
		4FF1B84E1F6A2B7700FBD0A3 /* AFNetworkReachabilityManager.m */ = {isa = PBXFileReference; fileEncoding = 4; lastKnownFileType = sourcecode.c.objc; path = AFNetworkReachabilityManager.m; sourceTree = "<group>"; };
		4FF1B84F1F6A2B7700FBD0A3 /* AFSecurityPolicy.h */ = {isa = PBXFileReference; fileEncoding = 4; lastKnownFileType = sourcecode.c.h; path = AFSecurityPolicy.h; sourceTree = "<group>"; };
		4FF1B8501F6A2B7700FBD0A3 /* AFSecurityPolicy.m */ = {isa = PBXFileReference; fileEncoding = 4; lastKnownFileType = sourcecode.c.objc; path = AFSecurityPolicy.m; sourceTree = "<group>"; };
		4FF1B8511F6A2B7700FBD0A3 /* AFURLRequestSerialization.h */ = {isa = PBXFileReference; fileEncoding = 4; lastKnownFileType = sourcecode.c.h; path = AFURLRequestSerialization.h; sourceTree = "<group>"; };
		4FF1B8521F6A2B7700FBD0A3 /* AFURLRequestSerialization.m */ = {isa = PBXFileReference; fileEncoding = 4; lastKnownFileType = sourcecode.c.objc; path = AFURLRequestSerialization.m; sourceTree = "<group>"; };
		4FF1B8531F6A2B7700FBD0A3 /* AFURLResponseSerialization.h */ = {isa = PBXFileReference; fileEncoding = 4; lastKnownFileType = sourcecode.c.h; path = AFURLResponseSerialization.h; sourceTree = "<group>"; };
		4FF1B8541F6A2B7700FBD0A3 /* AFURLResponseSerialization.m */ = {isa = PBXFileReference; fileEncoding = 4; lastKnownFileType = sourcecode.c.objc; path = AFURLResponseSerialization.m; sourceTree = "<group>"; };
		4FF1B8551F6A2B7700FBD0A3 /* AFURLSessionManager.h */ = {isa = PBXFileReference; fileEncoding = 4; lastKnownFileType = sourcecode.c.h; path = AFURLSessionManager.h; sourceTree = "<group>"; };
		4FF1B8561F6A2B7700FBD0A3 /* AFURLSessionManager.m */ = {isa = PBXFileReference; fileEncoding = 4; lastKnownFileType = sourcecode.c.objc; path = AFURLSessionManager.m; sourceTree = "<group>"; };
		4FF1B85E1F6A2E5400FBD0A3 /* NetWorkTool.h */ = {isa = PBXFileReference; fileEncoding = 4; lastKnownFileType = sourcecode.c.h; path = NetWorkTool.h; sourceTree = "<group>"; };
		4FF1B85F1F6A2E5400FBD0A3 /* NetWorkTool.m */ = {isa = PBXFileReference; fileEncoding = 4; lastKnownFileType = sourcecode.c.objc; path = NetWorkTool.m; sourceTree = "<group>"; };
		4FF1B8621F6A51DB00FBD0A3 /* personInfoModel.h */ = {isa = PBXFileReference; fileEncoding = 4; lastKnownFileType = sourcecode.c.h; path = personInfoModel.h; sourceTree = "<group>"; };
		4FF1B8631F6A51DB00FBD0A3 /* personInfoModel.m */ = {isa = PBXFileReference; fileEncoding = 4; lastKnownFileType = sourcecode.c.objc; path = personInfoModel.m; sourceTree = "<group>"; };
		4FF1B8871F6A545B00FBD0A3 /* PrefixHeader.pch */ = {isa = PBXFileReference; lastKnownFileType = sourcecode.c.h; path = PrefixHeader.pch; sourceTree = "<group>"; };
		8CD689EC4F29DAC245BEBAA2 /* libPods-OCRSearchDemo.a */ = {isa = PBXFileReference; explicitFileType = archive.ar; includeInIndex = 0; path = "libPods-OCRSearchDemo.a"; sourceTree = BUILT_PRODUCTS_DIR; };
		A54EF8F31C16E4412AF017B6 /* Pods-OCRSearchDemo.release.xcconfig */ = {isa = PBXFileReference; includeInIndex = 1; lastKnownFileType = text.xcconfig; name = "Pods-OCRSearchDemo.release.xcconfig"; path = "Pods/Target Support Files/Pods-OCRSearchDemo/Pods-OCRSearchDemo.release.xcconfig"; sourceTree = "<group>"; };
		EAC6AAC54388BF4345C7758C /* Pods-OCRSearchDemo.debug.xcconfig */ = {isa = PBXFileReference; includeInIndex = 1; lastKnownFileType = text.xcconfig; name = "Pods-OCRSearchDemo.debug.xcconfig"; path = "Pods/Target Support Files/Pods-OCRSearchDemo/Pods-OCRSearchDemo.debug.xcconfig"; sourceTree = "<group>"; };
/* End PBXFileReference section */

/* Begin PBXFrameworksBuildPhase section */
		4FAB29A61F5E9DF9009DAEDB /* Frameworks */ = {
			isa = PBXFrameworksBuildPhase;
			buildActionMask = 2147483647;
			files = (
				4FAB2A061F5E9EA5009DAEDB /* libexidcardios.a in Frameworks */,
				8B4754E79CAA797FCE625930 /* libPods-OCRSearchDemo.a in Frameworks */,
			);
			runOnlyForDeploymentPostprocessing = 0;
		};
		4FAB29BF1F5E9DF9009DAEDB /* Frameworks */ = {
			isa = PBXFrameworksBuildPhase;
			buildActionMask = 2147483647;
			files = (
			);
			runOnlyForDeploymentPostprocessing = 0;
		};
		4FAB29CA1F5E9DF9009DAEDB /* Frameworks */ = {
			isa = PBXFrameworksBuildPhase;
			buildActionMask = 2147483647;
			files = (
			);
			runOnlyForDeploymentPostprocessing = 0;
		};
/* End PBXFrameworksBuildPhase section */

/* Begin PBXGroup section */
		4FAB29A01F5E9DF9009DAEDB = {
			isa = PBXGroup;
			children = (
				4FAB29AB1F5E9DF9009DAEDB /* OCRSearchDemo */,
				4FAB29C51F5E9DF9009DAEDB /* OCRSearchDemoTests */,
				4FAB29D01F5E9DF9009DAEDB /* OCRSearchDemoUITests */,
				4FAB29AA1F5E9DF9009DAEDB /* Products */,
				67056A3D5306BB1057A84CE3 /* Pods */,
				8DFC213CE80CD22ED5BC3277 /* Frameworks */,
			);
			sourceTree = "<group>";
		};
		4FAB29AA1F5E9DF9009DAEDB /* Products */ = {
			isa = PBXGroup;
			children = (
				4FAB29A91F5E9DF9009DAEDB /* OCRSearchDemo.app */,
				4FAB29C21F5E9DF9009DAEDB /* OCRSearchDemoTests.xctest */,
				4FAB29CD1F5E9DF9009DAEDB /* OCRSearchDemoUITests.xctest */,
			);
			name = Products;
			sourceTree = "<group>";
		};
		4FAB29AB1F5E9DF9009DAEDB /* OCRSearchDemo */ = {
			isa = PBXGroup;
			children = (
				4FAB2A111F5EA088009DAEDB /* ScanViewController */,
				4FAB2A0A1F5EA00B009DAEDB /* classic */,
				4FAB29DF1F5E9E01009DAEDB /* SupportFiles(三方库) */,
				4FAB29AF1F5E9DF9009DAEDB /* AppDelegate.h */,
				4FAB29B01F5E9DF9009DAEDB /* AppDelegate.m */,
				4FAB29B51F5E9DF9009DAEDB /* Main.storyboard */,
				4FAB29B81F5E9DF9009DAEDB /* Assets.xcassets */,
				4FAB29BA1F5E9DF9009DAEDB /* LaunchScreen.storyboard */,
				4FAB29BD1F5E9DF9009DAEDB /* Info.plist */,
				4FAB29AC1F5E9DF9009DAEDB /* Supporting Files */,
			);
			path = OCRSearchDemo;
			sourceTree = "<group>";
		};
		4FAB29AC1F5E9DF9009DAEDB /* Supporting Files */ = {
			isa = PBXGroup;
			children = (
				4FAB29AD1F5E9DF9009DAEDB /* main.m */,
			);
			name = "Supporting Files";
			sourceTree = "<group>";
		};
		4FAB29C51F5E9DF9009DAEDB /* OCRSearchDemoTests */ = {
			isa = PBXGroup;
			children = (
				4FAB29C61F5E9DF9009DAEDB /* OCRSearchDemoTests.m */,
				4FAB29C81F5E9DF9009DAEDB /* Info.plist */,
			);
			path = OCRSearchDemoTests;
			sourceTree = "<group>";
		};
		4FAB29D01F5E9DF9009DAEDB /* OCRSearchDemoUITests */ = {
			isa = PBXGroup;
			children = (
				4FAB29D11F5E9DF9009DAEDB /* OCRSearchDemoUITests.m */,
				4FAB29D31F5E9DF9009DAEDB /* Info.plist */,
			);
			path = OCRSearchDemoUITests;
			sourceTree = "<group>";
		};
		4FAB29DF1F5E9E01009DAEDB /* SupportFiles(三方库) */ = {
			isa = PBXGroup;
			children = (
				4FF1B8491F6A2B7700FBD0A3 /* AFNetworking */,
				4FAB2A1D1F624681009DAEDB /* TableViewAnimation */,
				4FAB29E01F5E9E83009DAEDB /* IDCardRecognition */,
			);
			path = "SupportFiles(三方库)";
			sourceTree = "<group>";
		};
		4FAB29E01F5E9E83009DAEDB /* IDCardRecognition */ = {
			isa = PBXGroup;
			children = (
				4FAB29E11F5E9EA5009DAEDB /* Category */,
				4FAB29E61F5E9EA5009DAEDB /* Controller */,
				4FAB29EF1F5E9EA5009DAEDB /* libexidcard */,
				4FAB29F51F5E9EA5009DAEDB /* Model */,
				4FAB29F81F5E9EA5009DAEDB /* Tool */,
				4FAB29FB1F5E9EA5009DAEDB /* View */,
			);
			path = IDCardRecognition;
			sourceTree = "<group>";
		};
		4FAB29E11F5E9EA5009DAEDB /* Category */ = {
			isa = PBXGroup;
			children = (
				4FAB29E21F5E9EA5009DAEDB /* UIAlertController+Extend.h */,
				4FAB29E31F5E9EA5009DAEDB /* UIAlertController+Extend.m */,
				4FAB29E41F5E9EA5009DAEDB /* UIImage+Extend.h */,
				4FAB29E51F5E9EA5009DAEDB /* UIImage+Extend.m */,
			);
			path = Category;
			sourceTree = "<group>";
		};
		4FAB29E61F5E9EA5009DAEDB /* Controller */ = {
			isa = PBXGroup;
			children = (
				4FAB29E71F5E9EA5009DAEDB /* AVCaptureViewController.h */,
				4FAB29E81F5E9EA5009DAEDB /* AVCaptureViewController.m */,
				4FAB29E91F5E9EA5009DAEDB /* IDAuthViewController.h */,
				4FAB29EA1F5E9EA5009DAEDB /* IDAuthViewController.m */,
				4FAB29EB1F5E9EA5009DAEDB /* IDAuthViewController.xib */,
				4FAB29EC1F5E9EA5009DAEDB /* IDInfoViewController.h */,
				4FAB29ED1F5E9EA5009DAEDB /* IDInfoViewController.m */,
				4FAB29EE1F5E9EA5009DAEDB /* IDInfoViewController.xib */,
			);
			path = Controller;
			sourceTree = "<group>";
		};
		4FAB29EF1F5E9EA5009DAEDB /* libexidcard */ = {
			isa = PBXGroup;
			children = (
				4FAB29F01F5E9EA5009DAEDB /* commondef.h */,
				4FAB29F11F5E9EA5009DAEDB /* dicts */,
				4FAB29F31F5E9EA5009DAEDB /* excards.h */,
				4FAB29F41F5E9EA5009DAEDB /* libexidcardios.a */,
			);
			path = libexidcard;
			sourceTree = "<group>";
		};
		4FAB29F11F5E9EA5009DAEDB /* dicts */ = {
			isa = PBXGroup;
			children = (
				4FAB29F21F5E9EA5009DAEDB /* zocr0.lib */,
			);
			path = dicts;
			sourceTree = "<group>";
		};
		4FAB29F51F5E9EA5009DAEDB /* Model */ = {
			isa = PBXGroup;
			children = (
				4FAB29F61F5E9EA5009DAEDB /* IDInfo.h */,
				4FAB29F71F5E9EA5009DAEDB /* IDInfo.m */,
			);
			path = Model;
			sourceTree = "<group>";
		};
		4FAB29F81F5E9EA5009DAEDB /* Tool */ = {
			isa = PBXGroup;
			children = (
				4FAB29F91F5E9EA5009DAEDB /* RectManager.h */,
				4FAB29FA1F5E9EA5009DAEDB /* RectManager.m */,
			);
			path = Tool;
			sourceTree = "<group>";
		};
		4FAB29FB1F5E9EA5009DAEDB /* View */ = {
			isa = PBXGroup;
			children = (
				4FAB29FC1F5E9EA5009DAEDB /* LHSIDCardScaningView.h */,
				4FAB29FD1F5E9EA5009DAEDB /* LHSIDCardScaningView.m */,
			);
			path = View;
			sourceTree = "<group>";
		};
		4FAB2A0A1F5EA00B009DAEDB /* classic */ = {
			isa = PBXGroup;
			children = (
				4FF1B8611F6A51C600FBD0A3 /* model */,
				4FF1B85D1F6A2D0400FBD0A3 /* netWorkTool */,
				4FAB2A0B1F5EA00B009DAEDB /* classicNavigationController.h */,
				4FAB2A0C1F5EA00B009DAEDB /* classicNavigationController.m */,
				4FAB2A0D1F5EA00B009DAEDB /* MainTabViewController.h */,
				4FAB2A0E1F5EA00B009DAEDB /* MainTabViewController.m */,
				4FF1B8871F6A545B00FBD0A3 /* PrefixHeader.pch */,
			);
			path = classic;
			sourceTree = "<group>";
		};
		4FAB2A111F5EA088009DAEDB /* ScanViewController */ = {
			isa = PBXGroup;
			children = (
				4FAB2A121F5EA0DC009DAEDB /* matchViewController.h */,
				4FAB2A131F5EA0DC009DAEDB /* matchViewController.m */,
			);
			path = ScanViewController;
			sourceTree = "<group>";
		};
		4FAB2A1D1F624681009DAEDB /* TableViewAnimation */ = {
			isa = PBXGroup;
			children = (
				4FAB2A1E1F6246AC009DAEDB /* TableViewAnimationKit.h */,
				4FAB2A1F1F6246AC009DAEDB /* TableViewAnimationKit.m */,
			);
			path = TableViewAnimation;
			sourceTree = "<group>";
		};
		4FF1B8491F6A2B7700FBD0A3 /* AFNetworking */ = {
			isa = PBXGroup;
			children = (
				4FF1B84A1F6A2B7700FBD0A3 /* AFHTTPSessionManager.h */,
				4FF1B84B1F6A2B7700FBD0A3 /* AFHTTPSessionManager.m */,
				4FF1B84C1F6A2B7700FBD0A3 /* AFNetworking.h */,
				4FF1B84D1F6A2B7700FBD0A3 /* AFNetworkReachabilityManager.h */,
				4FF1B84E1F6A2B7700FBD0A3 /* AFNetworkReachabilityManager.m */,
				4FF1B84F1F6A2B7700FBD0A3 /* AFSecurityPolicy.h */,
				4FF1B8501F6A2B7700FBD0A3 /* AFSecurityPolicy.m */,
				4FF1B8511F6A2B7700FBD0A3 /* AFURLRequestSerialization.h */,
				4FF1B8521F6A2B7700FBD0A3 /* AFURLRequestSerialization.m */,
				4FF1B8531F6A2B7700FBD0A3 /* AFURLResponseSerialization.h */,
				4FF1B8541F6A2B7700FBD0A3 /* AFURLResponseSerialization.m */,
				4FF1B8551F6A2B7700FBD0A3 /* AFURLSessionManager.h */,
				4FF1B8561F6A2B7700FBD0A3 /* AFURLSessionManager.m */,
			);
			path = AFNetworking;
			sourceTree = "<group>";
		};
		4FF1B85D1F6A2D0400FBD0A3 /* netWorkTool */ = {
			isa = PBXGroup;
			children = (
				4FF1B85E1F6A2E5400FBD0A3 /* NetWorkTool.h */,
				4FF1B85F1F6A2E5400FBD0A3 /* NetWorkTool.m */,
			);
			path = netWorkTool;
			sourceTree = "<group>";
		};
		4FF1B8611F6A51C600FBD0A3 /* model */ = {
			isa = PBXGroup;
			children = (
				4FF1B8621F6A51DB00FBD0A3 /* personInfoModel.h */,
				4FF1B8631F6A51DB00FBD0A3 /* personInfoModel.m */,
			);
			path = model;
			sourceTree = "<group>";
		};
		67056A3D5306BB1057A84CE3 /* Pods */ = {
			isa = PBXGroup;
			children = (
				EAC6AAC54388BF4345C7758C /* Pods-OCRSearchDemo.debug.xcconfig */,
				A54EF8F31C16E4412AF017B6 /* Pods-OCRSearchDemo.release.xcconfig */,
			);
			name = Pods;
			sourceTree = "<group>";
		};
		8DFC213CE80CD22ED5BC3277 /* Frameworks */ = {
			isa = PBXGroup;
			children = (
				8CD689EC4F29DAC245BEBAA2 /* libPods-OCRSearchDemo.a */,
			);
			name = Frameworks;
			sourceTree = "<group>";
		};
/* End PBXGroup section */

/* Begin PBXNativeTarget section */
		4FAB29A81F5E9DF9009DAEDB /* OCRSearchDemo */ = {
			isa = PBXNativeTarget;
			buildConfigurationList = 4FAB29D61F5E9DF9009DAEDB /* Build configuration list for PBXNativeTarget "OCRSearchDemo" */;
			buildPhases = (
				576C11B58FC3F3BBF1040631 /* [CP] Check Pods Manifest.lock */,
				4FAB29A51F5E9DF9009DAEDB /* Sources */,
				4FAB29A61F5E9DF9009DAEDB /* Frameworks */,
				4FAB29A71F5E9DF9009DAEDB /* Resources */,
				1B252CD1CBDD12244BED8BB8 /* [CP] Embed Pods Frameworks */,
				02065523940532006EFBD281 /* [CP] Copy Pods Resources */,
			);
			buildRules = (
			);
			dependencies = (
			);
			name = OCRSearchDemo;
			productName = OCRSearchDemo;
			productReference = 4FAB29A91F5E9DF9009DAEDB /* OCRSearchDemo.app */;
			productType = "com.apple.product-type.application";
		};
		4FAB29C11F5E9DF9009DAEDB /* OCRSearchDemoTests */ = {
			isa = PBXNativeTarget;
			buildConfigurationList = 4FAB29D91F5E9DF9009DAEDB /* Build configuration list for PBXNativeTarget "OCRSearchDemoTests" */;
			buildPhases = (
				4FAB29BE1F5E9DF9009DAEDB /* Sources */,
				4FAB29BF1F5E9DF9009DAEDB /* Frameworks */,
				4FAB29C01F5E9DF9009DAEDB /* Resources */,
			);
			buildRules = (
			);
			dependencies = (
				4FAB29C41F5E9DF9009DAEDB /* PBXTargetDependency */,
			);
			name = OCRSearchDemoTests;
			productName = OCRSearchDemoTests;
			productReference = 4FAB29C21F5E9DF9009DAEDB /* OCRSearchDemoTests.xctest */;
			productType = "com.apple.product-type.bundle.unit-test";
		};
		4FAB29CC1F5E9DF9009DAEDB /* OCRSearchDemoUITests */ = {
			isa = PBXNativeTarget;
			buildConfigurationList = 4FAB29DC1F5E9DF9009DAEDB /* Build configuration list for PBXNativeTarget "OCRSearchDemoUITests" */;
			buildPhases = (
				4FAB29C91F5E9DF9009DAEDB /* Sources */,
				4FAB29CA1F5E9DF9009DAEDB /* Frameworks */,
				4FAB29CB1F5E9DF9009DAEDB /* Resources */,
			);
			buildRules = (
			);
			dependencies = (
				4FAB29CF1F5E9DF9009DAEDB /* PBXTargetDependency */,
			);
			name = OCRSearchDemoUITests;
			productName = OCRSearchDemoUITests;
			productReference = 4FAB29CD1F5E9DF9009DAEDB /* OCRSearchDemoUITests.xctest */;
			productType = "com.apple.product-type.bundle.ui-testing";
		};
/* End PBXNativeTarget section */

/* Begin PBXProject section */
		4FAB29A11F5E9DF9009DAEDB /* Project object */ = {
			isa = PBXProject;
			attributes = {
				LastUpgradeCheck = 0910;
				ORGANIZATIONNAME = "陈威利";
				TargetAttributes = {
					4FAB29A81F5E9DF9009DAEDB = {
						CreatedOnToolsVersion = 8.3.3;
						DevelopmentTeam = J995UNL2CV;
						ProvisioningStyle = Automatic;
					};
					4FAB29C11F5E9DF9009DAEDB = {
						CreatedOnToolsVersion = 8.3.3;
						DevelopmentTeam = J995UNL2CV;
						ProvisioningStyle = Automatic;
						TestTargetID = 4FAB29A81F5E9DF9009DAEDB;
					};
					4FAB29CC1F5E9DF9009DAEDB = {
						CreatedOnToolsVersion = 8.3.3;
						DevelopmentTeam = J995UNL2CV;
						ProvisioningStyle = Automatic;
						TestTargetID = 4FAB29A81F5E9DF9009DAEDB;
					};
				};
			};
			buildConfigurationList = 4FAB29A41F5E9DF9009DAEDB /* Build configuration list for PBXProject "OCRSearchDemo" */;
			compatibilityVersion = "Xcode 3.2";
			developmentRegion = English;
			hasScannedForEncodings = 0;
			knownRegions = (
				en,
				Base,
			);
			mainGroup = 4FAB29A01F5E9DF9009DAEDB;
			productRefGroup = 4FAB29AA1F5E9DF9009DAEDB /* Products */;
			projectDirPath = "";
			projectRoot = "";
			targets = (
				4FAB29A81F5E9DF9009DAEDB /* OCRSearchDemo */,
				4FAB29C11F5E9DF9009DAEDB /* OCRSearchDemoTests */,
				4FAB29CC1F5E9DF9009DAEDB /* OCRSearchDemoUITests */,
			);
		};
/* End PBXProject section */

/* Begin PBXResourcesBuildPhase section */
		4FAB29A71F5E9DF9009DAEDB /* Resources */ = {
			isa = PBXResourcesBuildPhase;
			buildActionMask = 2147483647;
			files = (
				4FAB2A041F5E9EA5009DAEDB /* IDInfoViewController.xib in Resources */,
				4FAB29BC1F5E9DF9009DAEDB /* LaunchScreen.storyboard in Resources */,
				4FAB29B91F5E9DF9009DAEDB /* Assets.xcassets in Resources */,
				4FAB29B71F5E9DF9009DAEDB /* Main.storyboard in Resources */,
				4FAB2A051F5E9EA5009DAEDB /* zocr0.lib in Resources */,
				4FAB2A021F5E9EA5009DAEDB /* IDAuthViewController.xib in Resources */,
			);
			runOnlyForDeploymentPostprocessing = 0;
		};
		4FAB29C01F5E9DF9009DAEDB /* Resources */ = {
			isa = PBXResourcesBuildPhase;
			buildActionMask = 2147483647;
			files = (
			);
			runOnlyForDeploymentPostprocessing = 0;
		};
		4FAB29CB1F5E9DF9009DAEDB /* Resources */ = {
			isa = PBXResourcesBuildPhase;
			buildActionMask = 2147483647;
			files = (
			);
			runOnlyForDeploymentPostprocessing = 0;
		};
/* End PBXResourcesBuildPhase section */

/* Begin PBXShellScriptBuildPhase section */
		02065523940532006EFBD281 /* [CP] Copy Pods Resources */ = {
			isa = PBXShellScriptBuildPhase;
			buildActionMask = 2147483647;
			files = (
			);
			inputPaths = (
			);
			name = "[CP] Copy Pods Resources";
			outputPaths = (
			);
			runOnlyForDeploymentPostprocessing = 0;
			shellPath = /bin/sh;
			shellScript = "\"${SRCROOT}/Pods/Target Support Files/Pods-OCRSearchDemo/Pods-OCRSearchDemo-resources.sh\"\n";
			showEnvVarsInLog = 0;
		};
		1B252CD1CBDD12244BED8BB8 /* [CP] Embed Pods Frameworks */ = {
			isa = PBXShellScriptBuildPhase;
			buildActionMask = 2147483647;
			files = (
			);
			inputPaths = (
			);
			name = "[CP] Embed Pods Frameworks";
			outputPaths = (
			);
			runOnlyForDeploymentPostprocessing = 0;
			shellPath = /bin/sh;
			shellScript = "\"${SRCROOT}/Pods/Target Support Files/Pods-OCRSearchDemo/Pods-OCRSearchDemo-frameworks.sh\"\n";
			showEnvVarsInLog = 0;
		};
		576C11B58FC3F3BBF1040631 /* [CP] Check Pods Manifest.lock */ = {
			isa = PBXShellScriptBuildPhase;
			buildActionMask = 2147483647;
			files = (
			);
			inputPaths = (
			);
			name = "[CP] Check Pods Manifest.lock";
			outputPaths = (
			);
			runOnlyForDeploymentPostprocessing = 0;
			shellPath = /bin/sh;
			shellScript = "diff \"${PODS_ROOT}/../Podfile.lock\" \"${PODS_ROOT}/Manifest.lock\" > /dev/null\nif [ $? != 0 ] ; then\n    # print error to STDERR\n    echo \"error: The sandbox is not in sync with the Podfile.lock. Run 'pod install' or update your CocoaPods installation.\" >&2\n    exit 1\nfi\n";
			showEnvVarsInLog = 0;
		};
/* End PBXShellScriptBuildPhase section */

/* Begin PBXSourcesBuildPhase section */
		4FAB29A51F5E9DF9009DAEDB /* Sources */ = {
			isa = PBXSourcesBuildPhase;
			buildActionMask = 2147483647;
			files = (
				4FAB2A011F5E9EA5009DAEDB /* IDAuthViewController.m in Sources */,
				4FAB2A081F5E9EA5009DAEDB /* RectManager.m in Sources */,
				4FAB2A031F5E9EA5009DAEDB /* IDInfoViewController.m in Sources */,
				4FAB29B11F5E9DF9009DAEDB /* AppDelegate.m in Sources */,
				4FAB2A091F5E9EA5009DAEDB /* LHSIDCardScaningView.m in Sources */,
				4FF1B85C1F6A2B7700FBD0A3 /* AFURLSessionManager.m in Sources */,
				4FAB2A141F5EA0DC009DAEDB /* matchViewController.m in Sources */,
				4FF1B8581F6A2B7700FBD0A3 /* AFNetworkReachabilityManager.m in Sources */,
				4FF1B8601F6A2E5400FBD0A3 /* NetWorkTool.m in Sources */,
				4FAB2A001F5E9EA5009DAEDB /* AVCaptureViewController.m in Sources */,
				4FAB2A071F5E9EA5009DAEDB /* IDInfo.m in Sources */,
				4FF1B85B1F6A2B7700FBD0A3 /* AFURLResponseSerialization.m in Sources */,
				4FF1B8641F6A51DB00FBD0A3 /* personInfoModel.m in Sources */,
				4FF1B85A1F6A2B7700FBD0A3 /* AFURLRequestSerialization.m in Sources */,
				4FF1B8591F6A2B7700FBD0A3 /* AFSecurityPolicy.m in Sources */,
				4FAB29FF1F5E9EA5009DAEDB /* UIImage+Extend.m in Sources */,
				4FAB29FE1F5E9EA5009DAEDB /* UIAlertController+Extend.m in Sources */,
				4FAB2A101F5EA00B009DAEDB /* MainTabViewController.m in Sources */,
				4FAB2A201F6246AC009DAEDB /* TableViewAnimationKit.m in Sources */,
				4FF1B8571F6A2B7700FBD0A3 /* AFHTTPSessionManager.m in Sources */,
				4FAB2A0F1F5EA00B009DAEDB /* classicNavigationController.m in Sources */,
				4FAB29AE1F5E9DF9009DAEDB /* main.m in Sources */,
			);
			runOnlyForDeploymentPostprocessing = 0;
		};
		4FAB29BE1F5E9DF9009DAEDB /* Sources */ = {
			isa = PBXSourcesBuildPhase;
			buildActionMask = 2147483647;
			files = (
				4FAB29C71F5E9DF9009DAEDB /* OCRSearchDemoTests.m in Sources */,
			);
			runOnlyForDeploymentPostprocessing = 0;
		};
		4FAB29C91F5E9DF9009DAEDB /* Sources */ = {
			isa = PBXSourcesBuildPhase;
			buildActionMask = 2147483647;
			files = (
				4FAB29D21F5E9DF9009DAEDB /* OCRSearchDemoUITests.m in Sources */,
			);
			runOnlyForDeploymentPostprocessing = 0;
		};
/* End PBXSourcesBuildPhase section */

/* Begin PBXTargetDependency section */
		4FAB29C41F5E9DF9009DAEDB /* PBXTargetDependency */ = {
			isa = PBXTargetDependency;
			target = 4FAB29A81F5E9DF9009DAEDB /* OCRSearchDemo */;
			targetProxy = 4FAB29C31F5E9DF9009DAEDB /* PBXContainerItemProxy */;
		};
		4FAB29CF1F5E9DF9009DAEDB /* PBXTargetDependency */ = {
			isa = PBXTargetDependency;
			target = 4FAB29A81F5E9DF9009DAEDB /* OCRSearchDemo */;
			targetProxy = 4FAB29CE1F5E9DF9009DAEDB /* PBXContainerItemProxy */;
		};
/* End PBXTargetDependency section */

/* Begin PBXVariantGroup section */
		4FAB29B51F5E9DF9009DAEDB /* Main.storyboard */ = {
			isa = PBXVariantGroup;
			children = (
				4FAB29B61F5E9DF9009DAEDB /* Base */,
			);
			name = Main.storyboard;
			sourceTree = "<group>";
		};
		4FAB29BA1F5E9DF9009DAEDB /* LaunchScreen.storyboard */ = {
			isa = PBXVariantGroup;
			children = (
				4FAB29BB1F5E9DF9009DAEDB /* Base */,
			);
			name = LaunchScreen.storyboard;
			sourceTree = "<group>";
		};
/* End PBXVariantGroup section */

/* Begin XCBuildConfiguration section */
		4FAB29D41F5E9DF9009DAEDB /* Debug */ = {
			isa = XCBuildConfiguration;
			buildSettings = {
				ALWAYS_SEARCH_USER_PATHS = NO;
				CLANG_ANALYZER_NONNULL = YES;
				CLANG_ANALYZER_NUMBER_OBJECT_CONVERSION = YES_AGGRESSIVE;
				CLANG_CXX_LANGUAGE_STANDARD = "gnu++0x";
				CLANG_CXX_LIBRARY = "libc++";
				CLANG_ENABLE_MODULES = YES;
				CLANG_ENABLE_OBJC_ARC = YES;
				CLANG_WARN_BLOCK_CAPTURE_AUTORELEASING = YES;
				CLANG_WARN_BOOL_CONVERSION = YES;
				CLANG_WARN_COMMA = YES;
				CLANG_WARN_CONSTANT_CONVERSION = YES;
				CLANG_WARN_DIRECT_OBJC_ISA_USAGE = YES_ERROR;
				CLANG_WARN_DOCUMENTATION_COMMENTS = YES;
				CLANG_WARN_EMPTY_BODY = YES;
				CLANG_WARN_ENUM_CONVERSION = YES;
				CLANG_WARN_INFINITE_RECURSION = YES;
				CLANG_WARN_INT_CONVERSION = YES;
				CLANG_WARN_NON_LITERAL_NULL_CONVERSION = YES;
				CLANG_WARN_OBJC_LITERAL_CONVERSION = YES;
				CLANG_WARN_OBJC_ROOT_CLASS = YES_ERROR;
				CLANG_WARN_RANGE_LOOP_ANALYSIS = YES;
				CLANG_WARN_STRICT_PROTOTYPES = YES;
				CLANG_WARN_SUSPICIOUS_MOVE = YES;
				CLANG_WARN_UNREACHABLE_CODE = YES;
				CLANG_WARN__DUPLICATE_METHOD_MATCH = YES;
				"CODE_SIGN_IDENTITY[sdk=iphoneos*]" = "iPhone Developer";
				COPY_PHASE_STRIP = NO;
				DEBUG_INFORMATION_FORMAT = dwarf;
				ENABLE_STRICT_OBJC_MSGSEND = YES;
				ENABLE_TESTABILITY = YES;
				GCC_C_LANGUAGE_STANDARD = gnu99;
				GCC_DYNAMIC_NO_PIC = NO;
				GCC_NO_COMMON_BLOCKS = YES;
				GCC_OPTIMIZATION_LEVEL = 0;
				GCC_PREPROCESSOR_DEFINITIONS = (
					"DEBUG=1",
					"$(inherited)",
				);
				GCC_WARN_64_TO_32_BIT_CONVERSION = YES;
				GCC_WARN_ABOUT_RETURN_TYPE = YES_ERROR;
				GCC_WARN_UNDECLARED_SELECTOR = YES;
				GCC_WARN_UNINITIALIZED_AUTOS = YES_AGGRESSIVE;
				GCC_WARN_UNUSED_FUNCTION = YES;
				GCC_WARN_UNUSED_VARIABLE = YES;
				IPHONEOS_DEPLOYMENT_TARGET = 8.0;
				MTL_ENABLE_DEBUG_INFO = YES;
				ONLY_ACTIVE_ARCH = YES;
				SDKROOT = iphoneos;
			};
			name = Debug;
		};
		4FAB29D51F5E9DF9009DAEDB /* Release */ = {
			isa = XCBuildConfiguration;
			buildSettings = {
				ALWAYS_SEARCH_USER_PATHS = NO;
				CLANG_ANALYZER_NONNULL = YES;
				CLANG_ANALYZER_NUMBER_OBJECT_CONVERSION = YES_AGGRESSIVE;
				CLANG_CXX_LANGUAGE_STANDARD = "gnu++0x";
				CLANG_CXX_LIBRARY = "libc++";
				CLANG_ENABLE_MODULES = YES;
				CLANG_ENABLE_OBJC_ARC = YES;
				CLANG_WARN_BLOCK_CAPTURE_AUTORELEASING = YES;
				CLANG_WARN_BOOL_CONVERSION = YES;
				CLANG_WARN_COMMA = YES;
				CLANG_WARN_CONSTANT_CONVERSION = YES;
				CLANG_WARN_DIRECT_OBJC_ISA_USAGE = YES_ERROR;
				CLANG_WARN_DOCUMENTATION_COMMENTS = YES;
				CLANG_WARN_EMPTY_BODY = YES;
				CLANG_WARN_ENUM_CONVERSION = YES;
				CLANG_WARN_INFINITE_RECURSION = YES;
				CLANG_WARN_INT_CONVERSION = YES;
				CLANG_WARN_NON_LITERAL_NULL_CONVERSION = YES;
				CLANG_WARN_OBJC_LITERAL_CONVERSION = YES;
				CLANG_WARN_OBJC_ROOT_CLASS = YES_ERROR;
				CLANG_WARN_RANGE_LOOP_ANALYSIS = YES;
				CLANG_WARN_STRICT_PROTOTYPES = YES;
				CLANG_WARN_SUSPICIOUS_MOVE = YES;
				CLANG_WARN_UNREACHABLE_CODE = YES;
				CLANG_WARN__DUPLICATE_METHOD_MATCH = YES;
				"CODE_SIGN_IDENTITY[sdk=iphoneos*]" = "iPhone Developer";
				COPY_PHASE_STRIP = NO;
				DEBUG_INFORMATION_FORMAT = "dwarf-with-dsym";
				ENABLE_NS_ASSERTIONS = NO;
				ENABLE_STRICT_OBJC_MSGSEND = YES;
				GCC_C_LANGUAGE_STANDARD = gnu99;
				GCC_NO_COMMON_BLOCKS = YES;
				GCC_WARN_64_TO_32_BIT_CONVERSION = YES;
				GCC_WARN_ABOUT_RETURN_TYPE = YES_ERROR;
				GCC_WARN_UNDECLARED_SELECTOR = YES;
				GCC_WARN_UNINITIALIZED_AUTOS = YES_AGGRESSIVE;
				GCC_WARN_UNUSED_FUNCTION = YES;
				GCC_WARN_UNUSED_VARIABLE = YES;
				IPHONEOS_DEPLOYMENT_TARGET = 8.0;
				MTL_ENABLE_DEBUG_INFO = NO;
				SDKROOT = iphoneos;
				VALIDATE_PRODUCT = YES;
			};
			name = Release;
		};
		4FAB29D71F5E9DF9009DAEDB /* Debug */ = {
			isa = XCBuildConfiguration;
			baseConfigurationReference = EAC6AAC54388BF4345C7758C /* Pods-OCRSearchDemo.debug.xcconfig */;
			buildSettings = {
				ASSETCATALOG_COMPILER_APPICON_NAME = AppIcon;
				"CODE_SIGN_IDENTITY[sdk=iphoneos*]" = "iPhone Developer";
				DEVELOPMENT_TEAM = J995UNL2CV;
				ENABLE_BITCODE = NO;
				GCC_PRECOMPILE_PREFIX_HEADER = YES;
				GCC_PREFIX_HEADER = "$(SRCROOT)/OCRSearchDemo/classic/PrefixHeader.pch";
				INFOPLIST_FILE = OCRSearchDemo/Info.plist;
				IPHONEOS_DEPLOYMENT_TARGET = 8.0;
				LD_RUNPATH_SEARCH_PATHS = "$(inherited) @executable_path/Frameworks";
				LIBRARY_SEARCH_PATHS = (
					"$(inherited)",
					"$(PROJECT_DIR)/OCRSearchDemo/SupportFiles(三方库)/IDCardRecognition/libexidcard",
				);
				PRODUCT_BUNDLE_IDENTIFIER = "-34112686-163.com.FAFC-Demo";
				PRODUCT_NAME = "$(TARGET_NAME)";
				PROVISIONING_PROFILE = "";
				PROVISIONING_PROFILE_SPECIFIER = "";
			};
			name = Debug;
		};
		4FAB29D81F5E9DF9009DAEDB /* Release */ = {
			isa = XCBuildConfiguration;
			baseConfigurationReference = A54EF8F31C16E4412AF017B6 /* Pods-OCRSearchDemo.release.xcconfig */;
			buildSettings = {
				ASSETCATALOG_COMPILER_APPICON_NAME = AppIcon;
				"CODE_SIGN_IDENTITY[sdk=iphoneos*]" = "iPhone Developer";
				DEVELOPMENT_TEAM = J995UNL2CV;
				ENABLE_BITCODE = NO;
				GCC_PRECOMPILE_PREFIX_HEADER = YES;
				GCC_PREFIX_HEADER = "$(SRCROOT)/OCRSearchDemo/classic/PrefixHeader.pch";
				INFOPLIST_FILE = OCRSearchDemo/Info.plist;
				IPHONEOS_DEPLOYMENT_TARGET = 8.0;
				LD_RUNPATH_SEARCH_PATHS = "$(inherited) @executable_path/Frameworks";
				LIBRARY_SEARCH_PATHS = (
					"$(inherited)",
					"$(PROJECT_DIR)/OCRSearchDemo/SupportFiles(三方库)/IDCardRecognition/libexidcard",
				);
				PRODUCT_BUNDLE_IDENTIFIER = "-34112686-163.com.FAFC-Demo";
				PRODUCT_NAME = "$(TARGET_NAME)";
				PROVISIONING_PROFILE_SPECIFIER = "";
			};
			name = Release;
		};
		4FAB29DA1F5E9DF9009DAEDB /* Debug */ = {
			isa = XCBuildConfiguration;
			buildSettings = {
				BUNDLE_LOADER = "$(TEST_HOST)";
				DEVELOPMENT_TEAM = J995UNL2CV;
				INFOPLIST_FILE = OCRSearchDemoTests/Info.plist;
				LD_RUNPATH_SEARCH_PATHS = "$(inherited) @executable_path/Frameworks @loader_path/Frameworks";
				PRODUCT_BUNDLE_IDENTIFIER = "-34112686-163.com.OCRSearchDemoTests";
				PRODUCT_NAME = "$(TARGET_NAME)";
				TEST_HOST = "$(BUILT_PRODUCTS_DIR)/OCRSearchDemo.app/OCRSearchDemo";
			};
			name = Debug;
		};
		4FAB29DB1F5E9DF9009DAEDB /* Release */ = {
			isa = XCBuildConfiguration;
			buildSettings = {
				BUNDLE_LOADER = "$(TEST_HOST)";
				DEVELOPMENT_TEAM = J995UNL2CV;
				INFOPLIST_FILE = OCRSearchDemoTests/Info.plist;
				LD_RUNPATH_SEARCH_PATHS = "$(inherited) @executable_path/Frameworks @loader_path/Frameworks";
				PRODUCT_BUNDLE_IDENTIFIER = "-34112686-163.com.OCRSearchDemoTests";
				PRODUCT_NAME = "$(TARGET_NAME)";
				TEST_HOST = "$(BUILT_PRODUCTS_DIR)/OCRSearchDemo.app/OCRSearchDemo";
			};
			name = Release;
		};
		4FAB29DD1F5E9DF9009DAEDB /* Debug */ = {
			isa = XCBuildConfiguration;
			buildSettings = {
				DEVELOPMENT_TEAM = J995UNL2CV;
				INFOPLIST_FILE = OCRSearchDemoUITests/Info.plist;
				LD_RUNPATH_SEARCH_PATHS = "$(inherited) @executable_path/Frameworks @loader_path/Frameworks";
				PRODUCT_BUNDLE_IDENTIFIER = "-34112686-163.com.OCRSearchDemoUITests";
				PRODUCT_NAME = "$(TARGET_NAME)";
				TEST_TARGET_NAME = OCRSearchDemo;
			};
			name = Debug;
		};
		4FAB29DE1F5E9DF9009DAEDB /* Release */ = {
			isa = XCBuildConfiguration;
			buildSettings = {
				DEVELOPMENT_TEAM = J995UNL2CV;
				INFOPLIST_FILE = OCRSearchDemoUITests/Info.plist;
				LD_RUNPATH_SEARCH_PATHS = "$(inherited) @executable_path/Frameworks @loader_path/Frameworks";
				PRODUCT_BUNDLE_IDENTIFIER = "-34112686-163.com.OCRSearchDemoUITests";
				PRODUCT_NAME = "$(TARGET_NAME)";
				TEST_TARGET_NAME = OCRSearchDemo;
			};
			name = Release;
		};
/* End XCBuildConfiguration section */

/* Begin XCConfigurationList section */
		4FAB29A41F5E9DF9009DAEDB /* Build configuration list for PBXProject "OCRSearchDemo" */ = {
			isa = XCConfigurationList;
			buildConfigurations = (
				4FAB29D41F5E9DF9009DAEDB /* Debug */,
				4FAB29D51F5E9DF9009DAEDB /* Release */,
			);
			defaultConfigurationIsVisible = 0;
			defaultConfigurationName = Release;
		};
		4FAB29D61F5E9DF9009DAEDB /* Build configuration list for PBXNativeTarget "OCRSearchDemo" */ = {
			isa = XCConfigurationList;
			buildConfigurations = (
				4FAB29D71F5E9DF9009DAEDB /* Debug */,
				4FAB29D81F5E9DF9009DAEDB /* Release */,
			);
			defaultConfigurationIsVisible = 0;
			defaultConfigurationName = Release;
		};
		4FAB29D91F5E9DF9009DAEDB /* Build configuration list for PBXNativeTarget "OCRSearchDemoTests" */ = {
			isa = XCConfigurationList;
			buildConfigurations = (
				4FAB29DA1F5E9DF9009DAEDB /* Debug */,
				4FAB29DB1F5E9DF9009DAEDB /* Release */,
			);
			defaultConfigurationIsVisible = 0;
			defaultConfigurationName = Release;
		};
		4FAB29DC1F5E9DF9009DAEDB /* Build configuration list for PBXNativeTarget "OCRSearchDemoUITests" */ = {
			isa = XCConfigurationList;
			buildConfigurations = (
				4FAB29DD1F5E9DF9009DAEDB /* Debug */,
				4FAB29DE1F5E9DF9009DAEDB /* Release */,
			);
			defaultConfigurationIsVisible = 0;
			defaultConfigurationName = Release;
		};
/* End XCConfigurationList section */
	};
	rootObject = 4FAB29A11F5E9DF9009DAEDB /* Project object */;
}
